{
  "requires": true,
  "lockfileVersion": 1,
  "dependencies": {
    "@heroicons/react": {
      "version": "1.0.6",
      "resolved": "https://registry.npmjs.org/@heroicons/react/-/react-1.0.6.tgz",
      "integrity": "sha512-JJCXydOFWMDpCP4q13iEplA503MQO3xLoZiKum+955ZCtHINWnx26CUxVxxFQu/uLb4LW3ge15ZpzIkXKkJ8oQ=="
    }
  }
}
